// !$*UTF8*$!
{
	archiveVersion = 1;
	classes = {
	};
	objectVersion = 46;
	objects = {

/* Begin PBXBuildFile section */
		D3971FFB1A745056005F783B /* main.m in Sources */ = {isa = PBXBuildFile; fileRef = D3971FFA1A745056005F783B /* main.m */; };
		D3971FFE1A745056005F783B /* AppDelegate.m in Sources */ = {isa = PBXBuildFile; fileRef = D3971FFD1A745056005F783B /* AppDelegate.m */; };
		D39720011A745056005F783B /* Calcohol.xcdatamodeld in Sources */ = {isa = PBXBuildFile; fileRef = D3971FFF1A745056005F783B /* Calcohol.xcdatamodeld */; };
		D39720041A745056005F783B /* ViewController.m in Sources */ = {isa = PBXBuildFile; fileRef = D39720031A745056005F783B /* ViewController.m */; };
		D39720071A745056005F783B /* Main.storyboard in Resources */ = {isa = PBXBuildFile; fileRef = D39720051A745056005F783B /* Main.storyboard */; };
		D39720091A745056005F783B /* Images.xcassets in Resources */ = {isa = PBXBuildFile; fileRef = D39720081A745056005F783B /* Images.xcassets */; };
		D397200C1A745056005F783B /* LaunchScreen.xib in Resources */ = {isa = PBXBuildFile; fileRef = D397200A1A745056005F783B /* LaunchScreen.xib */; };
		D39720181A745057005F783B /* CalcoholTests.m in Sources */ = {isa = PBXBuildFile; fileRef = D39720171A745057005F783B /* CalcoholTests.m */; };
/* End PBXBuildFile section */

/* Begin PBXContainerItemProxy section */
		D39720121A745056005F783B /* PBXContainerItemProxy */ = {
			isa = PBXContainerItemProxy;
			containerPortal = D3971FED1A745056005F783B /* Project object */;
			proxyType = 1;
			remoteGlobalIDString = D3971FF41A745056005F783B;
			remoteInfo = Calcohol;
		};
/* End PBXContainerItemProxy section */

/* Begin PBXFileReference section */
		D3971FF51A745056005F783B /* Calcohol.app */ = {isa = PBXFileReference; explicitFileType = wrapper.application; includeInIndex = 0; path = Calcohol.app; sourceTree = BUILT_PRODUCTS_DIR; };
		D3971FF91A745056005F783B /* Info.plist */ = {isa = PBXFileReference; lastKnownFileType = text.plist.xml; path = Info.plist; sourceTree = "<group>"; };
		D3971FFA1A745056005F783B /* main.m */ = {isa = PBXFileReference; lastKnownFileType = sourcecode.c.objc; path = main.m; sourceTree = "<group>"; };
		D3971FFC1A745056005F783B /* AppDelegate.h */ = {isa = PBXFileReference; lastKnownFileType = sourcecode.c.h; path = AppDelegate.h; sourceTree = "<group>"; };
		D3971FFD1A745056005F783B /* AppDelegate.m */ = {isa = PBXFileReference; lastKnownFileType = sourcecode.c.objc; path = AppDelegate.m; sourceTree = "<group>"; };
		D39720001A745056005F783B /* Calcohol.xcdatamodel */ = {isa = PBXFileReference; lastKnownFileType = wrapper.xcdatamodel; path = Calcohol.xcdatamodel; sourceTree = "<group>"; };
		D39720021A745056005F783B /* ViewController.h */ = {isa = PBXFileReference; lastKnownFileType = sourcecode.c.h; path = ViewController.h; sourceTree = "<group>"; };
		D39720031A745056005F783B /* ViewController.m */ = {isa = PBXFileReference; lastKnownFileType = sourcecode.c.objc; path = ViewController.m; sourceTree = "<group>"; };
		D39720061A745056005F783B /* Base */ = {isa = PBXFileReference; lastKnownFileType = file.storyboard; name = Base; path = Base.lproj/Main.storyboard; sourceTree = "<group>"; };
		D39720081A745056005F783B /* Images.xcassets */ = {isa = PBXFileReference; lastKnownFileType = folder.assetcatalog; path = Images.xcassets; sourceTree = "<group>"; };
		D397200B1A745056005F783B /* Base */ = {isa = PBXFileReference; lastKnownFileType = file.xib; name = Base; path = Base.lproj/LaunchScreen.xib; sourceTree = "<group>"; };
		D39720111A745056005F783B /* CalcoholTests.xctest */ = {isa = PBXFileReference; explicitFileType = wrapper.cfbundle; includeInIndex = 0; path = CalcoholTests.xctest; sourceTree = BUILT_PRODUCTS_DIR; };
		D39720161A745057005F783B /* Info.plist */ = {isa = PBXFileReference; lastKnownFileType = text.plist.xml; path = Info.plist; sourceTree = "<group>"; };
		D39720171A745057005F783B /* CalcoholTests.m */ = {isa = PBXFileReference; lastKnownFileType = sourcecode.c.objc; path = CalcoholTests.m; sourceTree = "<group>"; };
/* End PBXFileReference section */

/* Begin PBXFrameworksBuildPhase section */
		D3971FF21A745056005F783B /* Frameworks */ = {
			isa = PBXFrameworksBuildPhase;
			buildActionMask = 2147483647;
			files = (
			);
			runOnlyForDeploymentPostprocessing = 0;
		};
		D397200E1A745056005F783B /* Frameworks */ = {
			isa = PBXFrameworksBuildPhase;
			buildActionMask = 2147483647;
			files = (
			);
			runOnlyForDeploymentPostprocessing = 0;
		};
/* End PBXFrameworksBuildPhase section */

/* Begin PBXGroup section */
		D3971FEC1A745056005F783B = {
			isa = PBXGroup;
			children = (
				D3971FF71A745056005F783B /* Calcohol */,
				D39720141A745057005F783B /* CalcoholTests */,
				D3971FF61A745056005F783B /* Products */,
			);
			sourceTree = "<group>";
		};
		D3971FF61A745056005F783B /* Products */ = {
			isa = PBXGroup;
			children = (
				D3971FF51A745056005F783B /* Calcohol.app */,
				D39720111A745056005F783B /* CalcoholTests.xctest */,
			);
			name = Products;
			sourceTree = "<group>";
		};
		D3971FF71A745056005F783B /* Calcohol */ = {
			isa = PBXGroup;
			children = (
				D3971FFC1A745056005F783B /* AppDelegate.h */,
				D3971FFD1A745056005F783B /* AppDelegate.m */,
				D39720021A745056005F783B /* ViewController.h */,
				D39720031A745056005F783B /* ViewController.m */,
				D39720051A745056005F783B /* Main.storyboard */,
				D39720081A745056005F783B /* Images.xcassets */,
				D397200A1A745056005F783B /* LaunchScreen.xib */,
				D3971FFF1A745056005F783B /* Calcohol.xcdatamodeld */,
				D3971FF81A745056005F783B /* Supporting Files */,
			);
			path = Calcohol;
			sourceTree = "<group>";
		};
		D3971FF81A745056005F783B /* Supporting Files */ = {
			isa = PBXGroup;
			children = (
				D3971FF91A745056005F783B /* Info.plist */,
				D3971FFA1A745056005F783B /* main.m */,
			);
			name = "Supporting Files";
			sourceTree = "<group>";
		};
		D39720141A745057005F783B /* CalcoholTests */ = {
			isa = PBXGroup;
			children = (
				D39720171A745057005F783B /* CalcoholTests.m */,
				D39720151A745057005F783B /* Supporting Files */,
			);
			path = CalcoholTests;
			sourceTree = "<group>";
		};
		D39720151A745057005F783B /* Supporting Files */ = {
			isa = PBXGroup;
			children = (
				D39720161A745057005F783B /* Info.plist */,
			);
			name = "Supporting Files";
			sourceTree = "<group>";
		};
/* End PBXGroup section */

/* Begin PBXNativeTarget section */
		D3971FF41A745056005F783B /* Calcohol */ = {
			isa = PBXNativeTarget;
			buildConfigurationList = D397201B1A745057005F783B /* Build configuration list for PBXNativeTarget "Calcohol" */;
			buildPhases = (
				D3971FF11A745056005F783B /* Sources */,
				D3971FF21A745056005F783B /* Frameworks */,
				D3971FF31A745056005F783B /* Resources */,
			);
			buildRules = (
			);
			dependencies = (
			);
			name = Calcohol;
			productName = Calcohol;
			productReference = D3971FF51A745056005F783B /* Calcohol.app */;
			productType = "com.apple.product-type.application";
		};
		D39720101A745056005F783B /* CalcoholTests */ = {
			isa = PBXNativeTarget;
			buildConfigurationList = D397201E1A745057005F783B /* Build configuration list for PBXNativeTarget "CalcoholTests" */;
			buildPhases = (
				D397200D1A745056005F783B /* Sources */,
				D397200E1A745056005F783B /* Frameworks */,
				D397200F1A745056005F783B /* Resources */,
			);
			buildRules = (
			);
			dependencies = (
				D39720131A745056005F783B /* PBXTargetDependency */,
			);
			name = CalcoholTests;
			productName = CalcoholTests;
			productReference = D39720111A745056005F783B /* CalcoholTests.xctest */;
			productType = "com.apple.product-type.bundle.unit-test";
		};
/* End PBXNativeTarget section */

/* Begin PBXProject section */
		D3971FED1A745056005F783B /* Project object */ = {
			isa = PBXProject;
			attributes = {
				LastUpgradeCheck = 0610;
				ORGANIZATIONNAME = "Peter Scheyer";
				TargetAttributes = {
					D3971FF41A745056005F783B = {
						CreatedOnToolsVersion = 6.1.1;
					};
					D39720101A745056005F783B = {
						CreatedOnToolsVersion = 6.1.1;
						TestTargetID = D3971FF41A745056005F783B;
					};
				};
			};
			buildConfigurationList = D3971FF01A745056005F783B /* Build configuration list for PBXProject "Calcohol" */;
			compatibilityVersion = "Xcode 3.2";
			developmentRegion = English;
			hasScannedForEncodings = 0;
			knownRegions = (
				en,
				Base,
			);
			mainGroup = D3971FEC1A745056005F783B;
			productRefGroup = D3971FF61A745056005F783B /* Products */;
			projectDirPath = "";
			projectRoot = "";
			targets = (
				D3971FF41A745056005F783B /* Calcohol */,
				D39720101A745056005F783B /* CalcoholTests */,
			);
		};
/* End PBXProject section */

/* Begin PBXResourcesBuildPhase section */
		D3971FF31A745056005F783B /* Resources */ = {
			isa = PBXResourcesBuildPhase;
			buildActionMask = 2147483647;
			files = (
				D39720071A745056005F783B /* Main.storyboard in Resources */,
				D397200C1A745056005F783B /* LaunchScreen.xib in Resources */,
				D39720091A745056005F783B /* Images.xcassets in Resources */,
			);
			runOnlyForDeploymentPostprocessing = 0;
		};
		D397200F1A745056005F783B /* Resources */ = {
			isa = PBXResourcesBuildPhase;
			buildActionMask = 2147483647;
			files = (
			);
			runOnlyForDeploymentPostprocessing = 0;
		};
/* End PBXResourcesBuildPhase section */

/* Begin PBXSourcesBuildPhase section */
		D3971FF11A745056005F783B /* Sources */ = {
			isa = PBXSourcesBuildPhase;
			buildActionMask = 2147483647;
			files = (
				D3971FFE1A745056005F783B /* AppDelegate.m in Sources */,
				D3971FFB1A745056005F783B /* main.m in Sources */,
				D39720041A745056005F783B /* ViewController.m in Sources */,
				D39720011A745056005F783B /* Calcohol.xcdatamodeld in Sources */,
			);
			runOnlyForDeploymentPostprocessing = 0;
		};
		D397200D1A745056005F783B /* Sources */ = {
			isa = PBXSourcesBuildPhase;
			buildActionMask = 2147483647;
			files = (
				D39720181A745057005F783B /* CalcoholTests.m in Sources */,
			);
			runOnlyForDeploymentPostprocessing = 0;
		};
/* End PBXSourcesBuildPhase section */

/* Begin PBXTargetDependency section */
		D39720131A745056005F783B /* PBXTargetDependency */ = {
			isa = PBXTargetDependency;
			target = D3971FF41A745056005F783B /* Calcohol */;
			targetProxy = D39720121A745056005F783B /* PBXContainerItemProxy */;
		};
/* End PBXTargetDependency section */

/* Begin PBXVariantGroup section */
		D39720051A745056005F783B /* Main.storyboard */ = {
			isa = PBXVariantGroup;
			children = (
				D39720061A745056005F783B /* Base */,
			);
			name = Main.storyboard;
			sourceTree = "<group>";
		};
		D397200A1A745056005F783B /* LaunchScreen.xib */ = {
			isa = PBXVariantGroup;
			children = (
				D397200B1A745056005F783B /* Base */,
			);
			name = LaunchScreen.xib;
			sourceTree = "<group>";
		};
/* End PBXVariantGroup section */

/* Begin XCBuildConfiguration section */
		D39720191A745057005F783B /* Debug */ = {
			isa = XCBuildConfiguration;
			buildSettings = {
				ALWAYS_SEARCH_USER_PATHS = NO;
				CLANG_CXX_LANGUAGE_STANDARD = "gnu++0x";
				CLANG_CXX_LIBRARY = "libc++";
				CLANG_ENABLE_MODULES = YES;
				CLANG_ENABLE_OBJC_ARC = YES;
				CLANG_WARN_BOOL_CONVERSION = YES;
				CLANG_WARN_CONSTANT_CONVERSION = YES;
				CLANG_WARN_DIRECT_OBJC_ISA_USAGE = YES_ERROR;
				CLANG_WARN_EMPTY_BODY = YES;
				CLANG_WARN_ENUM_CONVERSION = YES;
				CLANG_WARN_INT_CONVERSION = YES;
				CLANG_WARN_OBJC_ROOT_CLASS = YES_ERROR;
				CLANG_WARN_UNREACHABLE_CODE = YES;
				CLANG_WARN__DUPLICATE_METHOD_MATCH = YES;
				"CODE_SIGN_IDENTITY[sdk=iphoneos*]" = "iPhone Developer";
				COPY_PHASE_STRIP = NO;
				ENABLE_STRICT_OBJC_MSGSEND = YES;
				GCC_C_LANGUAGE_STANDARD = gnu99;
				GCC_DYNAMIC_NO_PIC = NO;
				GCC_OPTIMIZATION_LEVEL = 0;
				GCC_PREPROCESSOR_DEFINITIONS = (
					"DEBUG=1",
					"$(inherited)",
				);
				GCC_SYMBOLS_PRIVATE_EXTERN = NO;
				GCC_WARN_64_TO_32_BIT_CONVERSION = YES;
				GCC_WARN_ABOUT_RETURN_TYPE = YES_ERROR;
				GCC_WARN_UNDECLARED_SELECTOR = YES;
				GCC_WARN_UNINITIALIZED_AUTOS = YES_AGGRESSIVE;
				GCC_WARN_UNUSED_FUNCTION = YES;
				GCC_WARN_UNUSED_VARIABLE = YES;
				IPHONEOS_DEPLOYMENT_TARGET = 8.1;
				MTL_ENABLE_DEBUG_INFO = YES;
				ONLY_ACTIVE_ARCH = YES;
				SDKROOT = iphoneos;
			};
			name = Debug;
		};
		D397201A1A745057005F783B /* Release */ = {
			isa = XCBuildConfiguration;
			buildSettings = {
				ALWAYS_SEARCH_USER_PATHS = NO;
				CLANG_CXX_LANGUAGE_STANDARD = "gnu++0x";
				CLANG_CXX_LIBRARY = "libc++";
				CLANG_ENABLE_MODULES = YES;
				CLANG_ENABLE_OBJC_ARC = YES;
				CLANG_WARN_BOOL_CONVERSION = YES;
				CLANG_WARN_CONSTANT_CONVERSION = YES;
				CLANG_WARN_DIRECT_OBJC_ISA_USAGE = YES_ERROR;
				CLANG_WARN_EMPTY_BODY = YES;
				CLANG_WARN_ENUM_CONVERSION = YES;
				CLANG_WARN_INT_CONVERSION = YES;
				CLANG_WARN_OBJC_ROOT_CLASS = YES_ERROR;
				CLANG_WARN_UNREACHABLE_CODE = YES;
				CLANG_WARN__DUPLICATE_METHOD_MATCH = YES;
				"CODE_SIGN_IDENTITY[sdk=iphoneos*]" = "iPhone Developer";
				COPY_PHASE_STRIP = YES;
				ENABLE_NS_ASSERTIONS = NO;
				ENABLE_STRICT_OBJC_MSGSEND = YES;
				GCC_C_LANGUAGE_STANDARD = gnu99;
				GCC_WARN_64_TO_32_BIT_CONVERSION = YES;
				GCC_WARN_ABOUT_RETURN_TYPE = YES_ERROR;
				GCC_WARN_UNDECLARED_SELECTOR = YES;
				GCC_WARN_UNINITIALIZED_AUTOS = YES_AGGRESSIVE;
				GCC_WARN_UNUSED_FUNCTION = YES;
				GCC_WARN_UNUSED_VARIABLE = YES;
				IPHONEOS_DEPLOYMENT_TARGET = 8.1;
				MTL_ENABLE_DEBUG_INFO = NO;
				SDKROOT = iphoneos;
				VALIDATE_PRODUCT = YES;
			};
			name = Release;
		};
		D397201C1A745057005F783B /* Debug */ = {
			isa = XCBuildConfiguration;
			buildSettings = {
				ASSETCATALOG_COMPILER_APPICON_NAME = AppIcon;
				INFOPLIST_FILE = Calcohol/Info.plist;
				LD_RUNPATH_SEARCH_PATHS = "$(inherited) @executable_path/Frameworks";
				PRODUCT_NAME = "$(TARGET_NAME)";
			};
			name = Debug;
		};
		D397201D1A745057005F783B /* Release */ = {
			isa = XCBuildConfiguration;
			buildSettings = {
				ASSETCATALOG_COMPILER_APPICON_NAME = AppIcon;
				INFOPLIST_FILE = Calcohol/Info.plist;
				LD_RUNPATH_SEARCH_PATHS = "$(inherited) @executable_path/Frameworks";
				PRODUCT_NAME = "$(TARGET_NAME)";
			};
			name = Release;
		};
		D397201F1A745057005F783B /* Debug */ = {
			isa = XCBuildConfiguration;
			buildSettings = {
				BUNDLE_LOADER = "$(TEST_HOST)";
				FRAMEWORK_SEARCH_PATHS = (
					"$(SDKROOT)/Developer/Library/Frameworks",
					"$(inherited)",
				);
				GCC_PREPROCESSOR_DEFINITIONS = (
					"DEBUG=1",
					"$(inherited)",
				);
				INFOPLIST_FILE = CalcoholTests/Info.plist;
				LD_RUNPATH_SEARCH_PATHS = "$(inherited) @executable_path/Frameworks @loader_path/Frameworks";
				PRODUCT_NAME = "$(TARGET_NAME)";
				TEST_HOST = "$(BUILT_PRODUCTS_DIR)/Calcohol.app/Calcohol";
			};
			name = Debug;
		};
		D39720201A745057005F783B /* Release */ = {
			isa = XCBuildConfiguration;
			buildSettings = {
				BUNDLE_LOADER = "$(TEST_HOST)";
				FRAMEWORK_SEARCH_PATHS = (
					"$(SDKROOT)/Developer/Library/Frameworks",
					"$(inherited)",
				);
				INFOPLIST_FILE = CalcoholTests/Info.plist;
				LD_RUNPATH_SEARCH_PATHS = "$(inherited) @executable_path/Frameworks @loader_path/Frameworks";
				PRODUCT_NAME = "$(TARGET_NAME)";
				TEST_HOST = "$(BUILT_PRODUCTS_DIR)/Calcohol.app/Calcohol";
			};
			name = Release;
		};
/* End XCBuildConfiguration section */

/* Begin XCConfigurationList section */
		D3971FF01A745056005F783B /* Build configuration list for PBXProject "Calcohol" */ = {
			isa = XCConfigurationList;
			buildConfigurations = (
				D39720191A745057005F783B /* Debug */,
				D397201A1A745057005F783B /* Release */,
			);
			defaultConfigurationIsVisible = 0;
			defaultConfigurationName = Release;
		};
		D397201B1A745057005F783B /* Build configuration list for PBXNativeTarget "Calcohol" */ = {
			isa = XCConfigurationList;
			buildConfigurations = (
				D397201C1A745057005F783B /* Debug */,
				D397201D1A745057005F783B /* Release */,
			);
			defaultConfigurationIsVisible = 0;
		};
		D397201E1A745057005F783B /* Build configuration list for PBXNativeTarget "CalcoholTests" */ = {
			isa = XCConfigurationList;
			buildConfigurations = (
				D397201F1A745057005F783B /* Debug */,
				D39720201A745057005F783B /* Release */,
			);
			defaultConfigurationIsVisible = 0;
		};
/* End XCConfigurationList section */

/* Begin XCVersionGroup section */
		D3971FFF1A745056005F783B /* Calcohol.xcdatamodeld */ = {
			isa = XCVersionGroup;
			children = (
				D39720001A745056005F783B /* Calcohol.xcdatamodel */,
			);
			currentVersion = D39720001A745056005F783B /* Calcohol.xcdatamodel */;
			path = Calcohol.xcdatamodeld;
			sourceTree = "<group>";
			versionGroupType = wrapper.xcdatamodel;
		};
/* End XCVersionGroup section */
	};
	rootObject = D3971FED1A745056005F783B /* Project object */;
}
